// !$*UTF8*$!
{
	archiveVersion = 1;
	classes = {
	};
	objectVersion = 46;
	objects = {

/* Begin PBXBuildFile section */
		689024FB1EE930E600BB2C63 /* AppDelegate.swift in Sources */ = {isa = PBXBuildFile; fileRef = 689024FA1EE930E600BB2C63 /* AppDelegate.swift */; };
		689024FD1EE930E600BB2C63 /* ViewController.swift in Sources */ = {isa = PBXBuildFile; fileRef = 689024FC1EE930E600BB2C63 /* ViewController.swift */; };
		689025001EE930E600BB2C63 /* Main.storyboard in Resources */ = {isa = PBXBuildFile; fileRef = 689024FE1EE930E600BB2C63 /* Main.storyboard */; };
		689025031EE930E600BB2C63 /* VideoPlatform.xcdatamodeld in Sources */ = {isa = PBXBuildFile; fileRef = 689025011EE930E600BB2C63 /* VideoPlatform.xcdatamodeld */; };
		689025051EE930E600BB2C63 /* Assets.xcassets in Resources */ = {isa = PBXBuildFile; fileRef = 689025041EE930E600BB2C63 /* Assets.xcassets */; };
		689025081EE930E600BB2C63 /* LaunchScreen.storyboard in Resources */ = {isa = PBXBuildFile; fileRef = 689025061EE930E600BB2C63 /* LaunchScreen.storyboard */; };
		689025131EE930E700BB2C63 /* VideoPlatformTests.swift in Sources */ = {isa = PBXBuildFile; fileRef = 689025121EE930E700BB2C63 /* VideoPlatformTests.swift */; };
		6890251E1EE930E700BB2C63 /* VideoPlatformUITests.swift in Sources */ = {isa = PBXBuildFile; fileRef = 6890251D1EE930E700BB2C63 /* VideoPlatformUITests.swift */; };
		6890252F1EE931C100BB2C63 /* FirstPageViewController.m in Sources */ = {isa = PBXBuildFile; fileRef = 6890252D1EE931C100BB2C63 /* FirstPageViewController.m */; };
		689025301EE931C100BB2C63 /* FirstPageViewController.xib in Resources */ = {isa = PBXBuildFile; fileRef = 6890252E1EE931C100BB2C63 /* FirstPageViewController.xib */; };
		689025341EE945E500BB2C63 /* ACViewController.m in Sources */ = {isa = PBXBuildFile; fileRef = 689025321EE945E500BB2C63 /* ACViewController.m */; };
		689025351EE945E500BB2C63 /* ACViewController.xib in Resources */ = {isa = PBXBuildFile; fileRef = 689025331EE945E500BB2C63 /* ACViewController.xib */; };
		689CDA191EEA95AD00A88DA5 /* NetWorkManager.swift in Sources */ = {isa = PBXBuildFile; fileRef = 689CDA181EEA95AD00A88DA5 /* NetWorkManager.swift */; };
		DED814C533896E20FB365F4A /* Pods_VideoPlatform.framework in Frameworks */ = {isa = PBXBuildFile; fileRef = 09EAB04815BCC3A1008BC39E /* Pods_VideoPlatform.framework */; };
/* End PBXBuildFile section */

/* Begin PBXContainerItemProxy section */
		6890250F1EE930E600BB2C63 /* PBXContainerItemProxy */ = {
			isa = PBXContainerItemProxy;
			containerPortal = 689024EF1EE930E600BB2C63 /* Project object */;
			proxyType = 1;
			remoteGlobalIDString = 689024F61EE930E600BB2C63;
			remoteInfo = VideoPlatform;
		};
		6890251A1EE930E700BB2C63 /* PBXContainerItemProxy */ = {
			isa = PBXContainerItemProxy;
			containerPortal = 689024EF1EE930E600BB2C63 /* Project object */;
			proxyType = 1;
			remoteGlobalIDString = 689024F61EE930E600BB2C63;
			remoteInfo = VideoPlatform;
		};
/* End PBXContainerItemProxy section */

/* Begin PBXFileReference section */
		09EAB04815BCC3A1008BC39E /* Pods_VideoPlatform.framework */ = {isa = PBXFileReference; explicitFileType = wrapper.framework; includeInIndex = 0; path = Pods_VideoPlatform.framework; sourceTree = BUILT_PRODUCTS_DIR; };
		40D011BC5936382778A7E489 /* Pods-VideoPlatform.debug.xcconfig */ = {isa = PBXFileReference; includeInIndex = 1; lastKnownFileType = text.xcconfig; name = "Pods-VideoPlatform.debug.xcconfig"; path = "Pods/Target Support Files/Pods-VideoPlatform/Pods-VideoPlatform.debug.xcconfig"; sourceTree = "<group>"; };
		689024F71EE930E600BB2C63 /* VideoPlatform.app */ = {isa = PBXFileReference; explicitFileType = wrapper.application; includeInIndex = 0; path = VideoPlatform.app; sourceTree = BUILT_PRODUCTS_DIR; };
		689024FA1EE930E600BB2C63 /* AppDelegate.swift */ = {isa = PBXFileReference; lastKnownFileType = sourcecode.swift; path = AppDelegate.swift; sourceTree = "<group>"; };
		689024FC1EE930E600BB2C63 /* ViewController.swift */ = {isa = PBXFileReference; lastKnownFileType = sourcecode.swift; path = ViewController.swift; sourceTree = "<group>"; };
		689024FF1EE930E600BB2C63 /* Base */ = {isa = PBXFileReference; lastKnownFileType = file.storyboard; name = Base; path = Base.lproj/Main.storyboard; sourceTree = "<group>"; };
		689025021EE930E600BB2C63 /* VideoPlatform.xcdatamodel */ = {isa = PBXFileReference; lastKnownFileType = wrapper.xcdatamodel; path = VideoPlatform.xcdatamodel; sourceTree = "<group>"; };
		689025041EE930E600BB2C63 /* Assets.xcassets */ = {isa = PBXFileReference; lastKnownFileType = folder.assetcatalog; path = Assets.xcassets; sourceTree = "<group>"; };
		689025071EE930E600BB2C63 /* Base */ = {isa = PBXFileReference; lastKnownFileType = file.storyboard; name = Base; path = Base.lproj/LaunchScreen.storyboard; sourceTree = "<group>"; };
		689025091EE930E600BB2C63 /* Info.plist */ = {isa = PBXFileReference; lastKnownFileType = text.plist.xml; path = Info.plist; sourceTree = "<group>"; };
		6890250E1EE930E600BB2C63 /* VideoPlatformTests.xctest */ = {isa = PBXFileReference; explicitFileType = wrapper.cfbundle; includeInIndex = 0; path = VideoPlatformTests.xctest; sourceTree = BUILT_PRODUCTS_DIR; };
		689025121EE930E700BB2C63 /* VideoPlatformTests.swift */ = {isa = PBXFileReference; lastKnownFileType = sourcecode.swift; path = VideoPlatformTests.swift; sourceTree = "<group>"; };
		689025141EE930E700BB2C63 /* Info.plist */ = {isa = PBXFileReference; lastKnownFileType = text.plist.xml; path = Info.plist; sourceTree = "<group>"; };
		689025191EE930E700BB2C63 /* VideoPlatformUITests.xctest */ = {isa = PBXFileReference; explicitFileType = wrapper.cfbundle; includeInIndex = 0; path = VideoPlatformUITests.xctest; sourceTree = BUILT_PRODUCTS_DIR; };
		6890251D1EE930E700BB2C63 /* VideoPlatformUITests.swift */ = {isa = PBXFileReference; lastKnownFileType = sourcecode.swift; path = VideoPlatformUITests.swift; sourceTree = "<group>"; };
		6890251F1EE930E700BB2C63 /* Info.plist */ = {isa = PBXFileReference; lastKnownFileType = text.plist.xml; path = Info.plist; sourceTree = "<group>"; };
		6890252B1EE931C000BB2C63 /* VideoPlatform-Bridging-Header.h */ = {isa = PBXFileReference; lastKnownFileType = sourcecode.c.h; path = "VideoPlatform-Bridging-Header.h"; sourceTree = "<group>"; };
		6890252C1EE931C100BB2C63 /* FirstPageViewController.h */ = {isa = PBXFileReference; fileEncoding = 4; lastKnownFileType = sourcecode.c.h; path = FirstPageViewController.h; sourceTree = "<group>"; };
		6890252D1EE931C100BB2C63 /* FirstPageViewController.m */ = {isa = PBXFileReference; fileEncoding = 4; lastKnownFileType = sourcecode.c.objc; path = FirstPageViewController.m; sourceTree = "<group>"; };
		6890252E1EE931C100BB2C63 /* FirstPageViewController.xib */ = {isa = PBXFileReference; fileEncoding = 4; lastKnownFileType = file.xib; path = FirstPageViewController.xib; sourceTree = "<group>"; };
		689025311EE945E500BB2C63 /* ACViewController.h */ = {isa = PBXFileReference; fileEncoding = 4; lastKnownFileType = sourcecode.c.h; path = ACViewController.h; sourceTree = "<group>"; };
		689025321EE945E500BB2C63 /* ACViewController.m */ = {isa = PBXFileReference; fileEncoding = 4; lastKnownFileType = sourcecode.c.objc; path = ACViewController.m; sourceTree = "<group>"; };
		689025331EE945E500BB2C63 /* ACViewController.xib */ = {isa = PBXFileReference; fileEncoding = 4; lastKnownFileType = file.xib; path = ACViewController.xib; sourceTree = "<group>"; };
		689CDA181EEA95AD00A88DA5 /* NetWorkManager.swift */ = {isa = PBXFileReference; fileEncoding = 4; lastKnownFileType = sourcecode.swift; path = NetWorkManager.swift; sourceTree = "<group>"; };
		DB6586DCDF52929738456655 /* Pods-VideoPlatform.release.xcconfig */ = {isa = PBXFileReference; includeInIndex = 1; lastKnownFileType = text.xcconfig; name = "Pods-VideoPlatform.release.xcconfig"; path = "Pods/Target Support Files/Pods-VideoPlatform/Pods-VideoPlatform.release.xcconfig"; sourceTree = "<group>"; };
/* End PBXFileReference section */

/* Begin PBXFrameworksBuildPhase section */
		689024F41EE930E600BB2C63 /* Frameworks */ = {
			isa = PBXFrameworksBuildPhase;
			buildActionMask = 2147483647;
			files = (
				DED814C533896E20FB365F4A /* Pods_VideoPlatform.framework in Frameworks */,
			);
			runOnlyForDeploymentPostprocessing = 0;
		};
		6890250B1EE930E600BB2C63 /* Frameworks */ = {
			isa = PBXFrameworksBuildPhase;
			buildActionMask = 2147483647;
			files = (
			);
			runOnlyForDeploymentPostprocessing = 0;
		};
		689025161EE930E700BB2C63 /* Frameworks */ = {
			isa = PBXFrameworksBuildPhase;
			buildActionMask = 2147483647;
			files = (
			);
			runOnlyForDeploymentPostprocessing = 0;
		};
/* End PBXFrameworksBuildPhase section */

/* Begin PBXGroup section */
		689024EE1EE930E600BB2C63 = {
			isa = PBXGroup;
			children = (
				689024F91EE930E600BB2C63 /* VideoPlatform */,
				689025111EE930E700BB2C63 /* VideoPlatformTests */,
				6890251C1EE930E700BB2C63 /* VideoPlatformUITests */,
				689024F81EE930E600BB2C63 /* Products */,
				F9061F2F444AE648E7B99FD3 /* Pods */,
				709F55C19F81D08805BD3A5C /* Frameworks */,
			);
			sourceTree = "<group>";
		};
		689024F81EE930E600BB2C63 /* Products */ = {
			isa = PBXGroup;
			children = (
				689024F71EE930E600BB2C63 /* VideoPlatform.app */,
				6890250E1EE930E600BB2C63 /* VideoPlatformTests.xctest */,
				689025191EE930E700BB2C63 /* VideoPlatformUITests.xctest */,
			);
			name = Products;
			sourceTree = "<group>";
		};
		689024F91EE930E600BB2C63 /* VideoPlatform */ = {
			isa = PBXGroup;
			children = (
				689CDA171EEA959400A88DA5 /* manage */,
				689024FA1EE930E600BB2C63 /* AppDelegate.swift */,
				689024FC1EE930E600BB2C63 /* ViewController.swift */,
				689025311EE945E500BB2C63 /* ACViewController.h */,
				689025321EE945E500BB2C63 /* ACViewController.m */,
				689025331EE945E500BB2C63 /* ACViewController.xib */,
				6890252C1EE931C100BB2C63 /* FirstPageViewController.h */,
				6890252D1EE931C100BB2C63 /* FirstPageViewController.m */,
				6890252E1EE931C100BB2C63 /* FirstPageViewController.xib */,
				689024FE1EE930E600BB2C63 /* Main.storyboard */,
				689025041EE930E600BB2C63 /* Assets.xcassets */,
				689025061EE930E600BB2C63 /* LaunchScreen.storyboard */,
				689025091EE930E600BB2C63 /* Info.plist */,
				689025011EE930E600BB2C63 /* VideoPlatform.xcdatamodeld */,
				6890252B1EE931C000BB2C63 /* VideoPlatform-Bridging-Header.h */,
			);
			path = VideoPlatform;
			sourceTree = "<group>";
		};
		689025111EE930E700BB2C63 /* VideoPlatformTests */ = {
			isa = PBXGroup;
			children = (
				689025121EE930E700BB2C63 /* VideoPlatformTests.swift */,
				689025141EE930E700BB2C63 /* Info.plist */,
			);
			path = VideoPlatformTests;
			sourceTree = "<group>";
		};
		6890251C1EE930E700BB2C63 /* VideoPlatformUITests */ = {
			isa = PBXGroup;
			children = (
				6890251D1EE930E700BB2C63 /* VideoPlatformUITests.swift */,
				6890251F1EE930E700BB2C63 /* Info.plist */,
			);
			path = VideoPlatformUITests;
			sourceTree = "<group>";
		};
		689CDA171EEA959400A88DA5 /* manage */ = {
			isa = PBXGroup;
			children = (
				689CDA181EEA95AD00A88DA5 /* NetWorkManager.swift */,
			);
			path = manage;
			sourceTree = "<group>";
		};
		709F55C19F81D08805BD3A5C /* Frameworks */ = {
			isa = PBXGroup;
			children = (
				09EAB04815BCC3A1008BC39E /* Pods_VideoPlatform.framework */,
			);
			name = Frameworks;
			sourceTree = "<group>";
		};
		F9061F2F444AE648E7B99FD3 /* Pods */ = {
			isa = PBXGroup;
			children = (
				40D011BC5936382778A7E489 /* Pods-VideoPlatform.debug.xcconfig */,
				DB6586DCDF52929738456655 /* Pods-VideoPlatform.release.xcconfig */,
			);
			name = Pods;
			sourceTree = "<group>";
		};
/* End PBXGroup section */

/* Begin PBXNativeTarget section */
		689024F61EE930E600BB2C63 /* VideoPlatform */ = {
			isa = PBXNativeTarget;
			buildConfigurationList = 689025221EE930E700BB2C63 /* Build configuration list for PBXNativeTarget "VideoPlatform" */;
			buildPhases = (
				1ECF9C6A5E365BA7329FC175 /* [CP] Check Pods Manifest.lock */,
				689024F31EE930E600BB2C63 /* Sources */,
				689024F41EE930E600BB2C63 /* Frameworks */,
				689024F51EE930E600BB2C63 /* Resources */,
				979F961F3324516F2BBE3642 /* [CP] Embed Pods Frameworks */,
				C8FB4A16C40A1D79B471CF59 /* [CP] Copy Pods Resources */,
			);
			buildRules = (
			);
			dependencies = (
			);
			name = VideoPlatform;
			productName = VideoPlatform;
			productReference = 689024F71EE930E600BB2C63 /* VideoPlatform.app */;
			productType = "com.apple.product-type.application";
		};
		6890250D1EE930E600BB2C63 /* VideoPlatformTests */ = {
			isa = PBXNativeTarget;
			buildConfigurationList = 689025251EE930E700BB2C63 /* Build configuration list for PBXNativeTarget "VideoPlatformTests" */;
			buildPhases = (
				6890250A1EE930E600BB2C63 /* Sources */,
				6890250B1EE930E600BB2C63 /* Frameworks */,
				6890250C1EE930E600BB2C63 /* Resources */,
			);
			buildRules = (
			);
			dependencies = (
				689025101EE930E600BB2C63 /* PBXTargetDependency */,
			);
			name = VideoPlatformTests;
			productName = VideoPlatformTests;
			productReference = 6890250E1EE930E600BB2C63 /* VideoPlatformTests.xctest */;
			productType = "com.apple.product-type.bundle.unit-test";
		};
		689025181EE930E700BB2C63 /* VideoPlatformUITests */ = {
			isa = PBXNativeTarget;
			buildConfigurationList = 689025281EE930E700BB2C63 /* Build configuration list for PBXNativeTarget "VideoPlatformUITests" */;
			buildPhases = (
				689025151EE930E700BB2C63 /* Sources */,
				689025161EE930E700BB2C63 /* Frameworks */,
				689025171EE930E700BB2C63 /* Resources */,
			);
			buildRules = (
			);
			dependencies = (
				6890251B1EE930E700BB2C63 /* PBXTargetDependency */,
			);
			name = VideoPlatformUITests;
			productName = VideoPlatformUITests;
			productReference = 689025191EE930E700BB2C63 /* VideoPlatformUITests.xctest */;
			productType = "com.apple.product-type.bundle.ui-testing";
		};
/* End PBXNativeTarget section */

/* Begin PBXProject section */
		689024EF1EE930E600BB2C63 /* Project object */ = {
			isa = PBXProject;
			attributes = {
				LastSwiftUpdateCheck = 0830;
				LastUpgradeCheck = 0830;
				ORGANIZATIONNAME = aa;
				TargetAttributes = {
					689024F61EE930E600BB2C63 = {
						CreatedOnToolsVersion = 8.3.3;
						DevelopmentTeam = Q49968XGJS;
						LastSwiftMigration = 0830;
						ProvisioningStyle = Automatic;
					};
					6890250D1EE930E600BB2C63 = {
						CreatedOnToolsVersion = 8.3.3;
						DevelopmentTeam = Q49968XGJS;
						ProvisioningStyle = Automatic;
						TestTargetID = 689024F61EE930E600BB2C63;
					};
					689025181EE930E700BB2C63 = {
						CreatedOnToolsVersion = 8.3.3;
						DevelopmentTeam = Q49968XGJS;
						ProvisioningStyle = Automatic;
						TestTargetID = 689024F61EE930E600BB2C63;
					};
				};
			};
			buildConfigurationList = 689024F21EE930E600BB2C63 /* Build configuration list for PBXProject "VideoPlatform" */;
			compatibilityVersion = "Xcode 3.2";
			developmentRegion = English;
			hasScannedForEncodings = 0;
			knownRegions = (
				en,
				Base,
			);
			mainGroup = 689024EE1EE930E600BB2C63;
			productRefGroup = 689024F81EE930E600BB2C63 /* Products */;
			projectDirPath = "";
			projectRoot = "";
			targets = (
				689024F61EE930E600BB2C63 /* VideoPlatform */,
				6890250D1EE930E600BB2C63 /* VideoPlatformTests */,
				689025181EE930E700BB2C63 /* VideoPlatformUITests */,
			);
		};
/* End PBXProject section */

/* Begin PBXResourcesBuildPhase section */
		689024F51EE930E600BB2C63 /* Resources */ = {
			isa = PBXResourcesBuildPhase;
			buildActionMask = 2147483647;
			files = (
				689025301EE931C100BB2C63 /* FirstPageViewController.xib in Resources */,
				689025081EE930E600BB2C63 /* LaunchScreen.storyboard in Resources */,
				689025351EE945E500BB2C63 /* ACViewController.xib in Resources */,
				689025051EE930E600BB2C63 /* Assets.xcassets in Resources */,
				689025001EE930E600BB2C63 /* Main.storyboard in Resources */,
			);
			runOnlyForDeploymentPostprocessing = 0;
		};
		6890250C1EE930E600BB2C63 /* Resources */ = {
			isa = PBXResourcesBuildPhase;
			buildActionMask = 2147483647;
			files = (
			);
			runOnlyForDeploymentPostprocessing = 0;
		};
		689025171EE930E700BB2C63 /* Resources */ = {
			isa = PBXResourcesBuildPhase;
			buildActionMask = 2147483647;
			files = (
			);
			runOnlyForDeploymentPostprocessing = 0;
		};
/* End PBXResourcesBuildPhase section */

/* Begin PBXShellScriptBuildPhase section */
		1ECF9C6A5E365BA7329FC175 /* [CP] Check Pods Manifest.lock */ = {
			isa = PBXShellScriptBuildPhase;
			buildActionMask = 2147483647;
			files = (
			);
			inputPaths = (
			);
			name = "[CP] Check Pods Manifest.lock";
			outputPaths = (
			);
			runOnlyForDeploymentPostprocessing = 0;
			shellPath = /bin/sh;
			shellScript = "diff \"${PODS_ROOT}/../Podfile.lock\" \"${PODS_ROOT}/Manifest.lock\" > /dev/null\nif [ $? != 0 ] ; then\n    # print error to STDERR\n    echo \"error: The sandbox is not in sync with the Podfile.lock. Run 'pod install' or update your CocoaPods installation.\" >&2\n    exit 1\nfi\n";
			showEnvVarsInLog = 0;
		};
		979F961F3324516F2BBE3642 /* [CP] Embed Pods Frameworks */ = {
			isa = PBXShellScriptBuildPhase;
			buildActionMask = 2147483647;
			files = (
			);
			inputPaths = (
			);
			name = "[CP] Embed Pods Frameworks";
			outputPaths = (
			);
			runOnlyForDeploymentPostprocessing = 0;
			shellPath = /bin/sh;
			shellScript = "\"${SRCROOT}/Pods/Target Support Files/Pods-VideoPlatform/Pods-VideoPlatform-frameworks.sh\"\n";
			showEnvVarsInLog = 0;
		};
		C8FB4A16C40A1D79B471CF59 /* [CP] Copy Pods Resources */ = {
			isa = PBXShellScriptBuildPhase;
			buildActionMask = 2147483647;
			files = (
			);
			inputPaths = (
			);
			name = "[CP] Copy Pods Resources";
			outputPaths = (
			);
			runOnlyForDeploymentPostprocessing = 0;
			shellPath = /bin/sh;
			shellScript = "\"${SRCROOT}/Pods/Target Support Files/Pods-VideoPlatform/Pods-VideoPlatform-resources.sh\"\n";
			showEnvVarsInLog = 0;
		};
/* End PBXShellScriptBuildPhase section */

/* Begin PBXSourcesBuildPhase section */
		689024F31EE930E600BB2C63 /* Sources */ = {
			isa = PBXSourcesBuildPhase;
			buildActionMask = 2147483647;
			files = (
				6890252F1EE931C100BB2C63 /* FirstPageViewController.m in Sources */,
				689024FD1EE930E600BB2C63 /* ViewController.swift in Sources */,
				689CDA191EEA95AD00A88DA5 /* NetWorkManager.swift in Sources */,
				689025031EE930E600BB2C63 /* VideoPlatform.xcdatamodeld in Sources */,
				689024FB1EE930E600BB2C63 /* AppDelegate.swift in Sources */,
				689025341EE945E500BB2C63 /* ACViewController.m in Sources */,
			);
			runOnlyForDeploymentPostprocessing = 0;
		};
		6890250A1EE930E600BB2C63 /* Sources */ = {
			isa = PBXSourcesBuildPhase;
			buildActionMask = 2147483647;
			files = (
				689025131EE930E700BB2C63 /* VideoPlatformTests.swift in Sources */,
			);
			runOnlyForDeploymentPostprocessing = 0;
		};
		689025151EE930E700BB2C63 /* Sources */ = {
			isa = PBXSourcesBuildPhase;
			buildActionMask = 2147483647;
			files = (
				6890251E1EE930E700BB2C63 /* VideoPlatformUITests.swift in Sources */,
			);
			runOnlyForDeploymentPostprocessing = 0;
		};
/* End PBXSourcesBuildPhase section */

/* Begin PBXTargetDependency section */
		689025101EE930E600BB2C63 /* PBXTargetDependency */ = {
			isa = PBXTargetDependency;
			target = 689024F61EE930E600BB2C63 /* VideoPlatform */;
			targetProxy = 6890250F1EE930E600BB2C63 /* PBXContainerItemProxy */;
		};
		6890251B1EE930E700BB2C63 /* PBXTargetDependency */ = {
			isa = PBXTargetDependency;
			target = 689024F61EE930E600BB2C63 /* VideoPlatform */;
			targetProxy = 6890251A1EE930E700BB2C63 /* PBXContainerItemProxy */;
		};
/* End PBXTargetDependency section */

/* Begin PBXVariantGroup section */
		689024FE1EE930E600BB2C63 /* Main.storyboard */ = {
			isa = PBXVariantGroup;
			children = (
				689024FF1EE930E600BB2C63 /* Base */,
			);
			name = Main.storyboard;
			sourceTree = "<group>";
		};
		689025061EE930E600BB2C63 /* LaunchScreen.storyboard */ = {
			isa = PBXVariantGroup;
			children = (
				689025071EE930E600BB2C63 /* Base */,
			);
			name = LaunchScreen.storyboard;
			sourceTree = "<group>";
		};
/* End PBXVariantGroup section */

/* Begin XCBuildConfiguration section */
		689025201EE930E700BB2C63 /* Debug */ = {
			isa = XCBuildConfiguration;
			buildSettings = {
				ALWAYS_SEARCH_USER_PATHS = NO;
				CLANG_ANALYZER_NONNULL = YES;
				CLANG_ANALYZER_NUMBER_OBJECT_CONVERSION = YES_AGGRESSIVE;
				CLANG_CXX_LANGUAGE_STANDARD = "gnu++0x";
				CLANG_CXX_LIBRARY = "libc++";
				CLANG_ENABLE_MODULES = YES;
				CLANG_ENABLE_OBJC_ARC = YES;
				CLANG_WARN_BOOL_CONVERSION = YES;
				CLANG_WARN_CONSTANT_CONVERSION = YES;
				CLANG_WARN_DIRECT_OBJC_ISA_USAGE = YES_ERROR;
				CLANG_WARN_DOCUMENTATION_COMMENTS = YES;
				CLANG_WARN_EMPTY_BODY = YES;
				CLANG_WARN_ENUM_CONVERSION = YES;
				CLANG_WARN_INFINITE_RECURSION = YES;
				CLANG_WARN_INT_CONVERSION = YES;
				CLANG_WARN_OBJC_ROOT_CLASS = YES_ERROR;
				CLANG_WARN_SUSPICIOUS_MOVE = YES;
				CLANG_WARN_UNREACHABLE_CODE = YES;
				CLANG_WARN__DUPLICATE_METHOD_MATCH = YES;
				CODE_SIGN_IDENTITY = "iPhone Developer: zhang_armlinux@163.com (LE3E29VJKY)";
				"CODE_SIGN_IDENTITY[sdk=iphoneos*]" = "iPhone Developer: zhang_armlinux@163.com (LE3E29VJKY)";
				COPY_PHASE_STRIP = NO;
				DEBUG_INFORMATION_FORMAT = dwarf;
				DEVELOPMENT_TEAM = Q49968XGJS;
				ENABLE_STRICT_OBJC_MSGSEND = YES;
				ENABLE_TESTABILITY = YES;
				GCC_C_LANGUAGE_STANDARD = gnu99;
				GCC_DYNAMIC_NO_PIC = NO;
				GCC_NO_COMMON_BLOCKS = YES;
				GCC_OPTIMIZATION_LEVEL = 0;
				GCC_PREPROCESSOR_DEFINITIONS = (
					"DEBUG=1",
					"$(inherited)",
				);
				GCC_WARN_64_TO_32_BIT_CONVERSION = YES;
				GCC_WARN_ABOUT_RETURN_TYPE = YES_ERROR;
				GCC_WARN_UNDECLARED_SELECTOR = YES;
				GCC_WARN_UNINITIALIZED_AUTOS = YES_AGGRESSIVE;
				GCC_WARN_UNUSED_FUNCTION = YES;
				GCC_WARN_UNUSED_VARIABLE = YES;
				IPHONEOS_DEPLOYMENT_TARGET = 10.3;
				MTL_ENABLE_DEBUG_INFO = YES;
				ONLY_ACTIVE_ARCH = YES;
				PROVISIONING_PROFILE = "f5c7319e-5abc-421d-ab63-696068ae21e3";
				SDKROOT = iphoneos;
				SWIFT_ACTIVE_COMPILATION_CONDITIONS = DEBUG;
				SWIFT_OPTIMIZATION_LEVEL = "-Onone";
			};
			name = Debug;
		};
		689025211EE930E700BB2C63 /* Release */ = {
			isa = XCBuildConfiguration;
			buildSettings = {
				ALWAYS_SEARCH_USER_PATHS = NO;
				CLANG_ANALYZER_NONNULL = YES;
				CLANG_ANALYZER_NUMBER_OBJECT_CONVERSION = YES_AGGRESSIVE;
				CLANG_CXX_LANGUAGE_STANDARD = "gnu++0x";
				CLANG_CXX_LIBRARY = "libc++";
				CLANG_ENABLE_MODULES = YES;
				CLANG_ENABLE_OBJC_ARC = YES;
				CLANG_WARN_BOOL_CONVERSION = YES;
				CLANG_WARN_CONSTANT_CONVERSION = YES;
				CLANG_WARN_DIRECT_OBJC_ISA_USAGE = YES_ERROR;
				CLANG_WARN_DOCUMENTATION_COMMENTS = YES;
				CLANG_WARN_EMPTY_BODY = YES;
				CLANG_WARN_ENUM_CONVERSION = YES;
				CLANG_WARN_INFINITE_RECURSION = YES;
				CLANG_WARN_INT_CONVERSION = YES;
				CLANG_WARN_OBJC_ROOT_CLASS = YES_ERROR;
				CLANG_WARN_SUSPICIOUS_MOVE = YES;
				CLANG_WARN_UNREACHABLE_CODE = YES;
				CLANG_WARN__DUPLICATE_METHOD_MATCH = YES;
				CODE_SIGN_IDENTITY = "iPhone Developer: zhang_armlinux@163.com (LE3E29VJKY)";
				"CODE_SIGN_IDENTITY[sdk=iphoneos*]" = "iPhone Developer: zhang_armlinux@163.com (LE3E29VJKY)";
				COPY_PHASE_STRIP = NO;
				DEBUG_INFORMATION_FORMAT = "dwarf-with-dsym";
				DEVELOPMENT_TEAM = Q49968XGJS;
				ENABLE_NS_ASSERTIONS = NO;
				ENABLE_STRICT_OBJC_MSGSEND = YES;
				GCC_C_LANGUAGE_STANDARD = gnu99;
				GCC_NO_COMMON_BLOCKS = YES;
				GCC_WARN_64_TO_32_BIT_CONVERSION = YES;
				GCC_WARN_ABOUT_RETURN_TYPE = YES_ERROR;
				GCC_WARN_UNDECLARED_SELECTOR = YES;
				GCC_WARN_UNINITIALIZED_AUTOS = YES_AGGRESSIVE;
				GCC_WARN_UNUSED_FUNCTION = YES;
				GCC_WARN_UNUSED_VARIABLE = YES;
				IPHONEOS_DEPLOYMENT_TARGET = 10.3;
				MTL_ENABLE_DEBUG_INFO = NO;
				PROVISIONING_PROFILE = "f5c7319e-5abc-421d-ab63-696068ae21e3";
				SDKROOT = iphoneos;
				SWIFT_OPTIMIZATION_LEVEL = "-Owholemodule";
				VALIDATE_PRODUCT = YES;
			};
			name = Release;
		};
		689025231EE930E700BB2C63 /* Debug */ = {
			isa = XCBuildConfiguration;
			baseConfigurationReference = 40D011BC5936382778A7E489 /* Pods-VideoPlatform.debug.xcconfig */;
			buildSettings = {
				ASSETCATALOG_COMPILER_APPICON_NAME = AppIcon;
				CLANG_ENABLE_MODULES = YES;
				CODE_SIGN_IDENTITY = "iPhone Developer: zhang_armlinux@163.com (LE3E29VJKY)";
				"CODE_SIGN_IDENTITY[sdk=iphoneos*]" = "iPhone Developer";
				DEVELOPMENT_TEAM = Q49968XGJS;
				INFOPLIST_FILE = VideoPlatform/Info.plist;
				LD_RUNPATH_SEARCH_PATHS = "$(inherited) @executable_path/Frameworks";
				PRODUCT_BUNDLE_IDENTIFIER = com.suns.www.VideoPlatform;
				PRODUCT_NAME = "$(TARGET_NAME)";
				PROVISIONING_PROFILE = "";
				PROVISIONING_PROFILE_SPECIFIER = "";
				SWIFT_OBJC_BRIDGING_HEADER = "VideoPlatform/VideoPlatform-Bridging-Header.h";
				SWIFT_OPTIMIZATION_LEVEL = "-Onone";
				SWIFT_VERSION = 3.0;
			};
			name = Debug;
		};
		689025241EE930E700BB2C63 /* Release */ = {
			isa = XCBuildConfiguration;
			baseConfigurationReference = DB6586DCDF52929738456655 /* Pods-VideoPlatform.release.xcconfig */;
			buildSettings = {
				ASSETCATALOG_COMPILER_APPICON_NAME = AppIcon;
				CLANG_ENABLE_MODULES = YES;
				CODE_SIGN_IDENTITY = "iPhone Developer: zhang_armlinux@163.com (LE3E29VJKY)";
				"CODE_SIGN_IDENTITY[sdk=iphoneos*]" = "iPhone Developer";
				DEVELOPMENT_TEAM = Q49968XGJS;
				INFOPLIST_FILE = VideoPlatform/Info.plist;
				LD_RUNPATH_SEARCH_PATHS = "$(inherited) @executable_path/Frameworks";
				PRODUCT_BUNDLE_IDENTIFIER = com.suns.www.VideoPlatform;
				PRODUCT_NAME = "$(TARGET_NAME)";
				PROVISIONING_PROFILE = "";
				PROVISIONING_PROFILE_SPECIFIER = "";
				SWIFT_OBJC_BRIDGING_HEADER = "VideoPlatform/VideoPlatform-Bridging-Header.h";
				SWIFT_VERSION = 3.0;
			};
			name = Release;
		};
		689025261EE930E700BB2C63 /* Debug */ = {
			isa = XCBuildConfiguration;
			buildSettings = {
				ALWAYS_EMBED_SWIFT_STANDARD_LIBRARIES = YES;
				BUNDLE_LOADER = "$(TEST_HOST)";
				INFOPLIST_FILE = VideoPlatformTests/Info.plist;
				LD_RUNPATH_SEARCH_PATHS = "$(inherited) @executable_path/Frameworks @loader_path/Frameworks";
				PRODUCT_BUNDLE_IDENTIFIER = com.suns.www.VideoPlatformTests;
				PRODUCT_NAME = "$(TARGET_NAME)";
				SWIFT_VERSION = 3.0;
				TEST_HOST = "$(BUILT_PRODUCTS_DIR)/VideoPlatform.app/VideoPlatform";
			};
			name = Debug;
		};
		689025271EE930E700BB2C63 /* Release */ = {
			isa = XCBuildConfiguration;
			buildSettings = {
				ALWAYS_EMBED_SWIFT_STANDARD_LIBRARIES = YES;
				BUNDLE_LOADER = "$(TEST_HOST)";
				INFOPLIST_FILE = VideoPlatformTests/Info.plist;
				LD_RUNPATH_SEARCH_PATHS = "$(inherited) @executable_path/Frameworks @loader_path/Frameworks";
				PRODUCT_BUNDLE_IDENTIFIER = com.suns.www.VideoPlatformTests;
				PRODUCT_NAME = "$(TARGET_NAME)";
				SWIFT_VERSION = 3.0;
				TEST_HOST = "$(BUILT_PRODUCTS_DIR)/VideoPlatform.app/VideoPlatform";
			};
			name = Release;
		};
		689025291EE930E700BB2C63 /* Debug */ = {
			isa = XCBuildConfiguration;
			buildSettings = {
				ALWAYS_EMBED_SWIFT_STANDARD_LIBRARIES = YES;
				INFOPLIST_FILE = VideoPlatformUITests/Info.plist;
				LD_RUNPATH_SEARCH_PATHS = "$(inherited) @executable_path/Frameworks @loader_path/Frameworks";
				PRODUCT_BUNDLE_IDENTIFIER = com.suns.www.VideoPlatformUITests;
				PRODUCT_NAME = "$(TARGET_NAME)";
				SWIFT_VERSION = 3.0;
				TEST_TARGET_NAME = VideoPlatform;
			};
			name = Debug;
		};
		6890252A1EE930E700BB2C63 /* Release */ = {
			isa = XCBuildConfiguration;
			buildSettings = {
				ALWAYS_EMBED_SWIFT_STANDARD_LIBRARIES = YES;
				INFOPLIST_FILE = VideoPlatformUITests/Info.plist;
				LD_RUNPATH_SEARCH_PATHS = "$(inherited) @executable_path/Frameworks @loader_path/Frameworks";
				PRODUCT_BUNDLE_IDENTIFIER = com.suns.www.VideoPlatformUITests;
				PRODUCT_NAME = "$(TARGET_NAME)";
				SWIFT_VERSION = 3.0;
				TEST_TARGET_NAME = VideoPlatform;
			};
			name = Release;
		};
/* End XCBuildConfiguration section */

/* Begin XCConfigurationList section */
		689024F21EE930E600BB2C63 /* Build configuration list for PBXProject "VideoPlatform" */ = {
			isa = XCConfigurationList;
			buildConfigurations = (
				689025201EE930E700BB2C63 /* Debug */,
				689025211EE930E700BB2C63 /* Release */,
			);
			defaultConfigurationIsVisible = 0;
			defaultConfigurationName = Release;
		};
		689025221EE930E700BB2C63 /* Build configuration list for PBXNativeTarget "VideoPlatform" */ = {
			isa = XCConfigurationList;
			buildConfigurations = (
				689025231EE930E700BB2C63 /* Debug */,
				689025241EE930E700BB2C63 /* Release */,
			);
			defaultConfigurationIsVisible = 0;
			defaultConfigurationName = Release;
		};
		689025251EE930E700BB2C63 /* Build configuration list for PBXNativeTarget "VideoPlatformTests" */ = {
			isa = XCConfigurationList;
			buildConfigurations = (
				689025261EE930E700BB2C63 /* Debug */,
				689025271EE930E700BB2C63 /* Release */,
			);
			defaultConfigurationIsVisible = 0;
			defaultConfigurationName = Release;
		};
		689025281EE930E700BB2C63 /* Build configuration list for PBXNativeTarget "VideoPlatformUITests" */ = {
			isa = XCConfigurationList;
			buildConfigurations = (
				689025291EE930E700BB2C63 /* Debug */,
				6890252A1EE930E700BB2C63 /* Release */,
			);
			defaultConfigurationIsVisible = 0;
			defaultConfigurationName = Release;
		};
/* End XCConfigurationList section */

/* Begin XCVersionGroup section */
		689025011EE930E600BB2C63 /* VideoPlatform.xcdatamodeld */ = {
			isa = XCVersionGroup;
			children = (
				689025021EE930E600BB2C63 /* VideoPlatform.xcdatamodel */,
			);
			currentVersion = 689025021EE930E600BB2C63 /* VideoPlatform.xcdatamodel */;
			path = VideoPlatform.xcdatamodeld;
			sourceTree = "<group>";
			versionGroupType = wrapper.xcdatamodel;
		};
/* End XCVersionGroup section */
	};
	rootObject = 689024EF1EE930E600BB2C63 /* Project object */;
}
